
Microsoft Visual Studio Solution File, Format Version 12.00
# Visual Studio Version 17
VisualStudioVersion = 17.0.31903.59
MinimumVisualStudioVersion = 10.0.40219.1
Project("{2150E333-8FDC-42A3-9474-1A3956D46DE8}") = "src", "src", "{827E0CD3-B72D-47B6-A68D-7590B98EB39B}"
EndProject
Project("{FAE04EC0-301F-11D3-BF4B-00C04F79EFBC}") = "HealthSync.Api", "src\HealthSync.Api\HealthSync.Api.csproj", "{62F73A3F-0F8D-4B62-9E96-13DC8F855D1F}"
EndProject
Project("{FAE04EC0-301F-11D3-BF4B-00C04F79EFBC}") = "HealthSync.Core", "src\HealthSync.Core\HealthSync.Core.csproj", "{B20422AB-104D-4BDB-942A-05DDB3B3B994}"
EndProject
Project("{FAE04EC0-301F-11D3-BF4B-00C04F79EFBC}") = "HealthSync.Infrastructure", "src\HealthSync.Infrastructure\HealthSync.Infrastructure.csproj", "{872E3054-45A5-432C-AEDB-649B3AD3C125}"
EndProject
Global
	GlobalSection(SolutionConfigurationPlatforms) = preSolution
		Debug|Any CPU = Debug|Any CPU
		Debug|x64 = Debug|x64
		Debug|x86 = Debug|x86
		Release|Any CPU = Release|Any CPU
		Release|x64 = Release|x64
		Release|x86 = Release|x86
	EndGlobalSection
	GlobalSection(ProjectConfigurationPlatforms) = postSolution
		{62F73A3F-0F8D-4B62-9E96-13DC8F855D1F}.Debug|Any CPU.ActiveCfg = Debug|Any CPU
		{62F73A3F-0F8D-4B62-9E96-13DC8F855D1F}.Debug|Any CPU.Build.0 = Debug|Any CPU
		{62F73A3F-0F8D-4B62-9E96-13DC8F855D1F}.Debug|x64.ActiveCfg = Debug|Any CPU
		{62F73A3F-0F8D-4B62-9E96-13DC8F855D1F}.Debug|x64.Build.0 = Debug|Any CPU
		{62F73A3F-0F8D-4B62-9E96-13DC8F855D1F}.Debug|x86.ActiveCfg = Debug|Any CPU
		{62F73A3F-0F8D-4B62-9E96-13DC8F855D1F}.Debug|x86.Build.0 = Debug|Any CPU
		{62F73A3F-0F8D-4B62-9E96-13DC8F855D1F}.Release|Any CPU.ActiveCfg = Release|Any CPU
		{62F73A3F-0F8D-4B62-9E96-13DC8F855D1F}.Release|Any CPU.Build.0 = Release|Any CPU
		{62F73A3F-0F8D-4B62-9E96-13DC8F855D1F}.Release|x64.ActiveCfg = Release|Any CPU
		{62F73A3F-0F8D-4B62-9E96-13DC8F855D1F}.Release|x64.Build.0 = Release|Any CPU
		{62F73A3F-0F8D-4B62-9E96-13DC8F855D1F}.Release|x86.ActiveCfg = Release|Any CPU
		{62F73A3F-0F8D-4B62-9E96-13DC8F855D1F}.Release|x86.Build.0 = Release|Any CPU
		{B20422AB-104D-4BDB-942A-05DDB3B3B994}.Debug|Any CPU.ActiveCfg = Debug|Any CPU
		{B20422AB-104D-4BDB-942A-05DDB3B3B994}.Debug|Any CPU.Build.0 = Debug|Any CPU
		{B20422AB-104D-4BDB-942A-05DDB3B3B994}.Debug|x64.ActiveCfg = Debug|Any CPU
		{B20422AB-104D-4BDB-942A-05DDB3B3B994}.Debug|x64.Build.0 = Debug|Any CPU
		{B20422AB-104D-4BDB-942A-05DDB3B3B994}.Debug|x86.ActiveCfg = Debug|Any CPU
		{B20422AB-104D-4BDB-942A-05DDB3B3B994}.Debug|x86.Build.0 = Debug|Any CPU
		{B20422AB-104D-4BDB-942A-05DDB3B3B994}.Release|Any CPU.ActiveCfg = Release|Any CPU
		{B20422AB-104D-4BDB-942A-05DDB3B3B994}.Release|Any CPU.Build.0 = Release|Any CPU
		{B20422AB-104D-4BDB-942A-05DDB3B3B994}.Release|x64.ActiveCfg = Release|Any CPU
		{B20422AB-104D-4BDB-942A-05DDB3B3B994}.Release|x64.Build.0 = Release|Any CPU
		{B20422AB-104D-4BDB-942A-05DDB3B3B994}.Release|x86.ActiveCfg = Release|Any CPU
		{B20422AB-104D-4BDB-942A-05DDB3B3B994}.Release|x86.Build.0 = Release|Any CPU
		{872E3054-45A5-432C-AEDB-649B3AD3C125}.Debug|Any CPU.ActiveCfg = Debug|Any CPU
		{872E3054-45A5-432C-AEDB-649B3AD3C125}.Debug|Any CPU.Build.0 = Debug|Any CPU
		{872E3054-45A5-432C-AEDB-649B3AD3C125}.Debug|x64.ActiveCfg = Debug|Any CPU
		{872E3054-45A5-432C-AEDB-649B3AD3C125}.Debug|x64.Build.0 = Debug|Any CPU
		{872E3054-45A5-432C-AEDB-649B3AD3C125}.Debug|x86.ActiveCfg = Debug|Any CPU
		{872E3054-45A5-432C-AEDB-649B3AD3C125}.Debug|x86.Build.0 = Debug|Any CPU
		{872E3054-45A5-432C-AEDB-649B3AD3C125}.Release|Any CPU.ActiveCfg = Release|Any CPU
		{872E3054-45A5-432C-AEDB-649B3AD3C125}.Release|Any CPU.Build.0 = Release|Any CPU
		{872E3054-45A5-432C-AEDB-649B3AD3C125}.Release|x64.ActiveCfg = Release|Any CPU
		{872E3054-45A5-432C-AEDB-649B3AD3C125}.Release|x64.Build.0 = Release|Any CPU
		{872E3054-45A5-432C-AEDB-649B3AD3C125}.Release|x86.ActiveCfg = Release|Any CPU
		{872E3054-45A5-432C-AEDB-649B3AD3C125}.Release|x86.Build.0 = Release|Any CPU
	EndGlobalSection
	GlobalSection(SolutionProperties) = preSolution
		HideSolutionNode = FALSE
	EndGlobalSection
	GlobalSection(NestedProjects) = preSolution
		{62F73A3F-0F8D-4B62-9E96-13DC8F855D1F} = {827E0CD3-B72D-47B6-A68D-7590B98EB39B}
		{B20422AB-104D-4BDB-942A-05DDB3B3B994} = {827E0CD3-B72D-47B6-A68D-7590B98EB39B}
		{872E3054-45A5-432C-AEDB-649B3AD3C125} = {827E0CD3-B72D-47B6-A68D-7590B98EB39B}
	EndGlobalSection
EndGlobal
